// !$*UTF8*$!
{
	archiveVersion = 1;
	classes = {
	};
	objectVersion = 46;
	objects = {

/* Begin PBXBuildFile section */
		789788E21AF23588009CD9D5 /* EXURLHandler.h in CopyFiles */ = {isa = PBXBuildFile; fileRef = 789788E11AF23588009CD9D5 /* EXURLHandler.h */; };
		789788E41AF23588009CD9D5 /* EXURLHandler.m in Sources */ = {isa = PBXBuildFile; fileRef = 789788E31AF23588009CD9D5 /* EXURLHandler.m */; };
/* End PBXBuildFile section */

/* Begin PBXCopyFilesBuildPhase section */
		789788DC1AF23588009CD9D5 /* CopyFiles */ = {
			isa = PBXCopyFilesBuildPhase;
			buildActionMask = 2147483647;
			dstPath = "include/$(PRODUCT_NAME)";
			dstSubfolderSpec = 16;
			files = (
				789788E21AF23588009CD9D5 /* EXURLHandler.h in CopyFiles */,
			);
			runOnlyForDeploymentPostprocessing = 0;
		};
/* End PBXCopyFilesBuildPhase section */

/* Begin PBXFileReference section */
		789788DE1AF23588009CD9D5 /* libEXURLHandler.a */ = {isa = PBXFileReference; explicitFileType = archive.ar; includeInIndex = 0; path = libEXURLHandler.a; sourceTree = BUILT_PRODUCTS_DIR; };
		789788E11AF23588009CD9D5 /* EXURLHandler.h */ = {isa = PBXFileReference; lastKnownFileType = sourcecode.c.h; path = EXURLHandler.h; sourceTree = "<group>"; };
		789788E31AF23588009CD9D5 /* EXURLHandler.m */ = {isa = PBXFileReference; lastKnownFileType = sourcecode.c.objc; path = EXURLHandler.m; sourceTree = "<group>"; };
/* End PBXFileReference section */

/* Begin PBXFrameworksBuildPhase section */
		789788DB1AF23588009CD9D5 /* Frameworks */ = {
			isa = PBXFrameworksBuildPhase;
			buildActionMask = 2147483647;
			files = (
			);
			runOnlyForDeploymentPostprocessing = 0;
		};
/* End PBXFrameworksBuildPhase section */

/* Begin PBXGroup section */
		789788D51AF23588009CD9D5 = {
			isa = PBXGroup;
			children = (
				789788E01AF23588009CD9D5 /* EXURLHandler */,
				789788DF1AF23588009CD9D5 /* Products */,
			);
			sourceTree = "<group>";
		};
		789788DF1AF23588009CD9D5 /* Products */ = {
			isa = PBXGroup;
			children = (
				789788DE1AF23588009CD9D5 /* libEXURLHandler.a */,
			);
			name = Products;
			sourceTree = "<group>";
		};
		789788E01AF23588009CD9D5 /* EXURLHandler */ = {
			isa = PBXGroup;
			children = (
				789788E11AF23588009CD9D5 /* EXURLHandler.h */,
				789788E31AF23588009CD9D5 /* EXURLHandler.m */,
			);
			path = EXURLHandler;
			sourceTree = "<group>";
		};
/* End PBXGroup section */

/* Begin PBXNativeTarget section */
		789788DD1AF23588009CD9D5 /* EXURLHandler */ = {
			isa = PBXNativeTarget;
			buildConfigurationList = 789788F21AF23588009CD9D5 /* Build configuration list for PBXNativeTarget "EXURLHandler" */;
			buildPhases = (
				789788DA1AF23588009CD9D5 /* Sources */,
				789788DB1AF23588009CD9D5 /* Frameworks */,
				789788DC1AF23588009CD9D5 /* CopyFiles */,
			);
			buildRules = (
			);
			dependencies = (
			);
			name = EXURLHandler;
			productName = EXURLHandler;
			productReference = 789788DE1AF23588009CD9D5 /* libEXURLHandler.a */;
			productType = "com.apple.product-type.library.static";
		};
/* End PBXNativeTarget section */

/* Begin PBXProject section */
		789788D61AF23588009CD9D5 /* Project object */ = {
			isa = PBXProject;
			attributes = {
				LastUpgradeCheck = 0630;
				ORGANIZATIONNAME = "Exponent";
				TargetAttributes = {
					789788DD1AF23588009CD9D5 = {
						CreatedOnToolsVersion = 6.3.1;
					};
				};
			};
			buildConfigurationList = 789788D91AF23588009CD9D5 /* Build configuration list for PBXProject "EXURLHandler" */;
			compatibilityVersion = "Xcode 3.2";
			developmentRegion = English;
			hasScannedForEncodings = 0;
			knownRegions = (
				en,
			);
			mainGroup = 789788D51AF23588009CD9D5;
			productRefGroup = 789788DF1AF23588009CD9D5 /* Products */;
			projectDirPath = "";
			projectRoot = "";
			targets = (
				789788DD1AF23588009CD9D5 /* EXURLHandler */,
			);
		};
/* End PBXProject section */

/* Begin PBXSourcesBuildPhase section */
		789788DA1AF23588009CD9D5 /* Sources */ = {
			isa = PBXSourcesBuildPhase;
			buildActionMask = 2147483647;
			files = (
				789788E41AF23588009CD9D5 /* EXURLHandler.m in Sources */,
			);
			runOnlyForDeploymentPostprocessing = 0;
		};
/* End PBXSourcesBuildPhase section */

/* Begin XCBuildConfiguration section */
		789788F01AF23588009CD9D5 /* Debug */ = {
			isa = XCBuildConfiguration;
			buildSettings = {
				ALWAYS_SEARCH_USER_PATHS = NO;
				CLANG_CXX_LANGUAGE_STANDARD = "gnu++0x";
				CLANG_CXX_LIBRARY = "libc++";
				CLANG_ENABLE_MODULES = YES;
				CLANG_ENABLE_OBJC_ARC = YES;
				CLANG_WARN_BOOL_CONVERSION = YES;
				CLANG_WARN_CONSTANT_CONVERSION = YES;
				CLANG_WARN_DIRECT_OBJC_ISA_USAGE = YES_ERROR;
				CLANG_WARN_EMPTY_BODY = YES;
				CLANG_WARN_ENUM_CONVERSION = YES;
				CLANG_WARN_INT_CONVERSION = YES;
				CLANG_WARN_OBJC_ROOT_CLASS = YES_ERROR;
				CLANG_WARN_UNREACHABLE_CODE = YES;
				CLANG_WARN__DUPLICATE_METHOD_MATCH = YES;
				COPY_PHASE_STRIP = NO;
				DEBUG_INFORMATION_FORMAT = "dwarf-with-dsym";
				ENABLE_STRICT_OBJC_MSGSEND = YES;
				GCC_C_LANGUAGE_STANDARD = gnu99;
				GCC_DYNAMIC_NO_PIC = NO;
				GCC_NO_COMMON_BLOCKS = YES;
				GCC_OPTIMIZATION_LEVEL = 0;
				GCC_PREPROCESSOR_DEFINITIONS = (
					"DEBUG=1",
					"$(inherited)",
				);
				GCC_SYMBOLS_PRIVATE_EXTERN = NO;
				GCC_WARN_64_TO_32_BIT_CONVERSION = YES;
				GCC_WARN_ABOUT_RETURN_TYPE = YES_ERROR;
				GCC_WARN_UNDECLARED_SELECTOR = YES;
				GCC_WARN_UNINITIALIZED_AUTOS = YES_AGGRESSIVE;
				GCC_WARN_UNUSED_FUNCTION = YES;
				GCC_WARN_UNUSED_VARIABLE = YES;
				IPHONEOS_DEPLOYMENT_TARGET = 8.0;
				MTL_ENABLE_DEBUG_INFO = YES;
				ONLY_ACTIVE_ARCH = YES;
				SDKROOT = iphoneos;
			};
			name = Debug;
		};
		789788F11AF23588009CD9D5 /* Release */ = {
			isa = XCBuildConfiguration;
			buildSettings = {
				ALWAYS_SEARCH_USER_PATHS = NO;
				CLANG_CXX_LANGUAGE_STANDARD = "gnu++0x";
				CLANG_CXX_LIBRARY = "libc++";
				CLANG_ENABLE_MODULES = YES;
				CLANG_ENABLE_OBJC_ARC = YES;
				CLANG_WARN_BOOL_CONVERSION = YES;
				CLANG_WARN_CONSTANT_CONVERSION = YES;
				CLANG_WARN_DIRECT_OBJC_ISA_USAGE = YES_ERROR;
				CLANG_WARN_EMPTY_BODY = YES;
				CLANG_WARN_ENUM_CONVERSION = YES;
				CLANG_WARN_INT_CONVERSION = YES;
				CLANG_WARN_OBJC_ROOT_CLASS = YES_ERROR;
				CLANG_WARN_UNREACHABLE_CODE = YES;
				CLANG_WARN__DUPLICATE_METHOD_MATCH = YES;
				COPY_PHASE_STRIP = NO;
				DEBUG_INFORMATION_FORMAT = "dwarf-with-dsym";
				ENABLE_NS_ASSERTIONS = NO;
				ENABLE_STRICT_OBJC_MSGSEND = YES;
				GCC_C_LANGUAGE_STANDARD = gnu99;
				GCC_NO_COMMON_BLOCKS = YES;
				GCC_WARN_64_TO_32_BIT_CONVERSION = YES;
				GCC_WARN_ABOUT_RETURN_TYPE = YES_ERROR;
				GCC_WARN_UNDECLARED_SELECTOR = YES;
				GCC_WARN_UNINITIALIZED_AUTOS = YES_AGGRESSIVE;
				GCC_WARN_UNUSED_FUNCTION = YES;
				GCC_WARN_UNUSED_VARIABLE = YES;
				IPHONEOS_DEPLOYMENT_TARGET = 8.0;
				MTL_ENABLE_DEBUG_INFO = NO;
				SDKROOT = iphoneos;
				VALIDATE_PRODUCT = YES;
			};
			name = Release;
		};
		789788F31AF23588009CD9D5 /* Debug */ = {
			isa = XCBuildConfiguration;
			buildSettings = {
				OTHER_LDFLAGS = "-ObjC";
				PRODUCT_NAME = "$(TARGET_NAME)";
				SKIP_INSTALL = YES;
			};
			name = Debug;
		};
		789788F41AF23588009CD9D5 /* Release */ = {
			isa = XCBuildConfiguration;
			buildSettings = {
				OTHER_LDFLAGS = "-ObjC";
				PRODUCT_NAME = "$(TARGET_NAME)";
				SKIP_INSTALL = YES;
			};
			name = Release;
		};
/* End XCBuildConfiguration section */

/* Begin XCConfigurationList section */
		789788D91AF23588009CD9D5 /* Build configuration list for PBXProject "EXURLHandler" */ = {
			isa = XCConfigurationList;
			buildConfigurations = (
				789788F01AF23588009CD9D5 /* Debug */,
				789788F11AF23588009CD9D5 /* Release */,
			);
			defaultConfigurationIsVisible = 0;
			defaultConfigurationName = Release;
		};
		789788F21AF23588009CD9D5 /* Build configuration list for PBXNativeTarget "EXURLHandler" */ = {
			isa = XCConfigurationList;
			buildConfigurations = (
				789788F31AF23588009CD9D5 /* Debug */,
				789788F41AF23588009CD9D5 /* Release */,
			);
			defaultConfigurationIsVisible = 0;
			defaultConfigurationName = Release;
		};
/* End XCConfigurationList section */
	};
	rootObject = 789788D61AF23588009CD9D5 /* Project object */;
}
