// !$*UTF8*$!
{
	archiveVersion = 1;
	classes = {
	};
	objectVersion = 46;
	objects = {

/* Begin PBXBuildFile section */
		789788E21AF23588009CD9D5 /* NTURLHandler.h in CopyFiles */ = {isa = PBXBuildFile; fileRef = 789788E11AF23588009CD9D5 /* NTURLHandler.h */; };
		789788E41AF23588009CD9D5 /* NTURLHandler.m in Sources */ = {isa = PBXBuildFile; fileRef = 789788E31AF23588009CD9D5 /* NTURLHandler.m */; };
		789788EA1AF23588009CD9D5 /* libNTURLHandler.a in Frameworks */ = {isa = PBXBuildFile; fileRef = 789788DE1AF23588009CD9D5 /* libNTURLHandler.a */; };
/* End PBXBuildFile section */

/* Begin PBXContainerItemProxy section */
		789788EB1AF23588009CD9D5 /* PBXContainerItemProxy */ = {
			isa = PBXContainerItemProxy;
			containerPortal = 789788D61AF23588009CD9D5 /* Project object */;
			proxyType = 1;
			remoteGlobalIDString = 789788DD1AF23588009CD9D5;
			remoteInfo = NTURLHandler;
		};
/* End PBXContainerItemProxy section */

/* Begin PBXCopyFilesBuildPhase section */
		789788DC1AF23588009CD9D5 /* CopyFiles */ = {
			isa = PBXCopyFilesBuildPhase;
			buildActionMask = 2147483647;
			dstPath = "include/$(PRODUCT_NAME)";
			dstSubfolderSpec = 16;
			files = (
				789788E21AF23588009CD9D5 /* NTURLHandler.h in CopyFiles */,
			);
			runOnlyForDeploymentPostprocessing = 0;
		};
/* End PBXCopyFilesBuildPhase section */

/* Begin PBXFileReference section */
		789788DE1AF23588009CD9D5 /* libNTURLHandler.a */ = {isa = PBXFileReference; explicitFileType = archive.ar; includeInIndex = 0; path = libNTURLHandler.a; sourceTree = BUILT_PRODUCTS_DIR; };
		789788E11AF23588009CD9D5 /* NTURLHandler.h */ = {isa = PBXFileReference; lastKnownFileType = sourcecode.c.h; path = NTURLHandler.h; sourceTree = "<group>"; };
		789788E31AF23588009CD9D5 /* NTURLHandler.m */ = {isa = PBXFileReference; lastKnownFileType = sourcecode.c.objc; path = NTURLHandler.m; sourceTree = "<group>"; };
		789788E91AF23588009CD9D5 /* NTURLHandlerTests.xctest */ = {isa = PBXFileReference; explicitFileType = wrapper.cfbundle; includeInIndex = 0; path = NTURLHandlerTests.xctest; sourceTree = BUILT_PRODUCTS_DIR; };
		789788EF1AF23588009CD9D5 /* Info.plist */ = {isa = PBXFileReference; lastKnownFileType = text.plist.xml; path = Info.plist; sourceTree = "<group>"; };
/* End PBXFileReference section */

/* Begin PBXFrameworksBuildPhase section */
		789788DB1AF23588009CD9D5 /* Frameworks */ = {
			isa = PBXFrameworksBuildPhase;
			buildActionMask = 2147483647;
			files = (
			);
			runOnlyForDeploymentPostprocessing = 0;
		};
		789788E61AF23588009CD9D5 /* Frameworks */ = {
			isa = PBXFrameworksBuildPhase;
			buildActionMask = 2147483647;
			files = (
				789788EA1AF23588009CD9D5 /* libNTURLHandler.a in Frameworks */,
			);
			runOnlyForDeploymentPostprocessing = 0;
		};
/* End PBXFrameworksBuildPhase section */

/* Begin PBXGroup section */
		789788D51AF23588009CD9D5 = {
			isa = PBXGroup;
			children = (
				789788E01AF23588009CD9D5 /* NTURLHandler */,
				789788ED1AF23588009CD9D5 /* NTURLHandlerTests */,
				789788DF1AF23588009CD9D5 /* Products */,
			);
			sourceTree = "<group>";
		};
		789788DF1AF23588009CD9D5 /* Products */ = {
			isa = PBXGroup;
			children = (
				789788DE1AF23588009CD9D5 /* libNTURLHandler.a */,
				789788E91AF23588009CD9D5 /* NTURLHandlerTests.xctest */,
			);
			name = Products;
			sourceTree = "<group>";
		};
		789788E01AF23588009CD9D5 /* NTURLHandler */ = {
			isa = PBXGroup;
			children = (
				789788E11AF23588009CD9D5 /* NTURLHandler.h */,
				789788E31AF23588009CD9D5 /* NTURLHandler.m */,
			);
			path = NTURLHandler;
			sourceTree = "<group>";
		};
		789788ED1AF23588009CD9D5 /* NTURLHandlerTests */ = {
			isa = PBXGroup;
			children = (
				789788EE1AF23588009CD9D5 /* Supporting Files */,
			);
			path = NTURLHandlerTests;
			sourceTree = "<group>";
		};
		789788EE1AF23588009CD9D5 /* Supporting Files */ = {
			isa = PBXGroup;
			children = (
				789788EF1AF23588009CD9D5 /* Info.plist */,
			);
			name = "Supporting Files";
			sourceTree = "<group>";
		};
/* End PBXGroup section */

/* Begin PBXNativeTarget section */
		789788DD1AF23588009CD9D5 /* NTURLHandler */ = {
			isa = PBXNativeTarget;
			buildConfigurationList = 789788F21AF23588009CD9D5 /* Build configuration list for PBXNativeTarget "NTURLHandler" */;
			buildPhases = (
				789788DA1AF23588009CD9D5 /* Sources */,
				789788DB1AF23588009CD9D5 /* Frameworks */,
				789788DC1AF23588009CD9D5 /* CopyFiles */,
			);
			buildRules = (
			);
			dependencies = (
			);
			name = NTURLHandler;
			productName = NTURLHandler;
			productReference = 789788DE1AF23588009CD9D5 /* libNTURLHandler.a */;
			productType = "com.apple.product-type.library.static";
		};
		789788E81AF23588009CD9D5 /* NTURLHandlerTests */ = {
			isa = PBXNativeTarget;
			buildConfigurationList = 789788F51AF23588009CD9D5 /* Build configuration list for PBXNativeTarget "NTURLHandlerTests" */;
			buildPhases = (
				789788E51AF23588009CD9D5 /* Sources */,
				789788E61AF23588009CD9D5 /* Frameworks */,
				789788E71AF23588009CD9D5 /* Resources */,
			);
			buildRules = (
			);
			dependencies = (
				789788EC1AF23588009CD9D5 /* PBXTargetDependency */,
			);
			name = NTURLHandlerTests;
			productName = NTURLHandlerTests;
			productReference = 789788E91AF23588009CD9D5 /* NTURLHandlerTests.xctest */;
			productType = "com.apple.product-type.bundle.unit-test";
		};
/* End PBXNativeTarget section */

/* Begin PBXProject section */
		789788D61AF23588009CD9D5 /* Project object */ = {
			isa = PBXProject;
			attributes = {
				LastUpgradeCheck = 0630;
				ORGANIZATIONNAME = "650 Industries";
				TargetAttributes = {
					789788DD1AF23588009CD9D5 = {
						CreatedOnToolsVersion = 6.3.1;
					};
					789788E81AF23588009CD9D5 = {
						CreatedOnToolsVersion = 6.3.1;
					};
				};
			};
			buildConfigurationList = 789788D91AF23588009CD9D5 /* Build configuration list for PBXProject "NTURLHandler" */;
			compatibilityVersion = "Xcode 3.2";
			developmentRegion = English;
			hasScannedForEncodings = 0;
			knownRegions = (
				en,
			);
			mainGroup = 789788D51AF23588009CD9D5;
			productRefGroup = 789788DF1AF23588009CD9D5 /* Products */;
			projectDirPath = "";
			projectRoot = "";
			targets = (
				789788DD1AF23588009CD9D5 /* NTURLHandler */,
				789788E81AF23588009CD9D5 /* NTURLHandlerTests */,
			);
		};
/* End PBXProject section */

/* Begin PBXResourcesBuildPhase section */
		789788E71AF23588009CD9D5 /* Resources */ = {
			isa = PBXResourcesBuildPhase;
			buildActionMask = 2147483647;
			files = (
			);
			runOnlyForDeploymentPostprocessing = 0;
		};
/* End PBXResourcesBuildPhase section */

/* Begin PBXSourcesBuildPhase section */
		789788DA1AF23588009CD9D5 /* Sources */ = {
			isa = PBXSourcesBuildPhase;
			buildActionMask = 2147483647;
			files = (
				789788E41AF23588009CD9D5 /* NTURLHandler.m in Sources */,
			);
			runOnlyForDeploymentPostprocessing = 0;
		};
		789788E51AF23588009CD9D5 /* Sources */ = {
			isa = PBXSourcesBuildPhase;
			buildActionMask = 2147483647;
			files = (
			);
			runOnlyForDeploymentPostprocessing = 0;
		};
/* End PBXSourcesBuildPhase section */

/* Begin PBXTargetDependency section */
		789788EC1AF23588009CD9D5 /* PBXTargetDependency */ = {
			isa = PBXTargetDependency;
			target = 789788DD1AF23588009CD9D5 /* NTURLHandler */;
			targetProxy = 789788EB1AF23588009CD9D5 /* PBXContainerItemProxy */;
		};
/* End PBXTargetDependency section */

/* Begin XCBuildConfiguration section */
		789788F01AF23588009CD9D5 /* Debug */ = {
			isa = XCBuildConfiguration;
			buildSettings = {
				ALWAYS_SEARCH_USER_PATHS = NO;
				CLANG_CXX_LANGUAGE_STANDARD = "gnu++0x";
				CLANG_CXX_LIBRARY = "libc++";
				CLANG_ENABLE_MODULES = YES;
				CLANG_ENABLE_OBJC_ARC = YES;
				CLANG_WARN_BOOL_CONVERSION = YES;
				CLANG_WARN_CONSTANT_CONVERSION = YES;
				CLANG_WARN_DIRECT_OBJC_ISA_USAGE = YES_ERROR;
				CLANG_WARN_EMPTY_BODY = YES;
				CLANG_WARN_ENUM_CONVERSION = YES;
				CLANG_WARN_INT_CONVERSION = YES;
				CLANG_WARN_OBJC_ROOT_CLASS = YES_ERROR;
				CLANG_WARN_UNREACHABLE_CODE = YES;
				CLANG_WARN__DUPLICATE_METHOD_MATCH = YES;
				COPY_PHASE_STRIP = NO;
				DEBUG_INFORMATION_FORMAT = "dwarf-with-dsym";
				ENABLE_STRICT_OBJC_MSGSEND = YES;
				GCC_C_LANGUAGE_STANDARD = gnu99;
				GCC_DYNAMIC_NO_PIC = NO;
				GCC_NO_COMMON_BLOCKS = YES;
				GCC_OPTIMIZATION_LEVEL = 0;
				GCC_PREPROCESSOR_DEFINITIONS = (
					"DEBUG=1",
					"$(inherited)",
				);
				GCC_SYMBOLS_PRIVATE_EXTERN = NO;
				GCC_WARN_64_TO_32_BIT_CONVERSION = YES;
				GCC_WARN_ABOUT_RETURN_TYPE = YES_ERROR;
				GCC_WARN_UNDECLARED_SELECTOR = YES;
				GCC_WARN_UNINITIALIZED_AUTOS = YES_AGGRESSIVE;
				GCC_WARN_UNUSED_FUNCTION = YES;
				GCC_WARN_UNUSED_VARIABLE = YES;
				IPHONEOS_DEPLOYMENT_TARGET = 8.3;
				MTL_ENABLE_DEBUG_INFO = YES;
				ONLY_ACTIVE_ARCH = YES;
				SDKROOT = iphoneos;
			};
			name = Debug;
		};
		789788F11AF23588009CD9D5 /* Release */ = {
			isa = XCBuildConfiguration;
			buildSettings = {
				ALWAYS_SEARCH_USER_PATHS = NO;
				CLANG_CXX_LANGUAGE_STANDARD = "gnu++0x";
				CLANG_CXX_LIBRARY = "libc++";
				CLANG_ENABLE_MODULES = YES;
				CLANG_ENABLE_OBJC_ARC = YES;
				CLANG_WARN_BOOL_CONVERSION = YES;
				CLANG_WARN_CONSTANT_CONVERSION = YES;
				CLANG_WARN_DIRECT_OBJC_ISA_USAGE = YES_ERROR;
				CLANG_WARN_EMPTY_BODY = YES;
				CLANG_WARN_ENUM_CONVERSION = YES;
				CLANG_WARN_INT_CONVERSION = YES;
				CLANG_WARN_OBJC_ROOT_CLASS = YES_ERROR;
				CLANG_WARN_UNREACHABLE_CODE = YES;
				CLANG_WARN__DUPLICATE_METHOD_MATCH = YES;
				COPY_PHASE_STRIP = NO;
				DEBUG_INFORMATION_FORMAT = "dwarf-with-dsym";
				ENABLE_NS_ASSERTIONS = NO;
				ENABLE_STRICT_OBJC_MSGSEND = YES;
				GCC_C_LANGUAGE_STANDARD = gnu99;
				GCC_NO_COMMON_BLOCKS = YES;
				GCC_WARN_64_TO_32_BIT_CONVERSION = YES;
				GCC_WARN_ABOUT_RETURN_TYPE = YES_ERROR;
				GCC_WARN_UNDECLARED_SELECTOR = YES;
				GCC_WARN_UNINITIALIZED_AUTOS = YES_AGGRESSIVE;
				GCC_WARN_UNUSED_FUNCTION = YES;
				GCC_WARN_UNUSED_VARIABLE = YES;
				IPHONEOS_DEPLOYMENT_TARGET = 8.3;
				MTL_ENABLE_DEBUG_INFO = NO;
				SDKROOT = iphoneos;
				VALIDATE_PRODUCT = YES;
			};
			name = Release;
		};
		789788F31AF23588009CD9D5 /* Debug */ = {
			isa = XCBuildConfiguration;
			buildSettings = {
				OTHER_LDFLAGS = "-ObjC";
				PRODUCT_NAME = "$(TARGET_NAME)";
				SKIP_INSTALL = YES;
			};
			name = Debug;
		};
		789788F41AF23588009CD9D5 /* Release */ = {
			isa = XCBuildConfiguration;
			buildSettings = {
				OTHER_LDFLAGS = "-ObjC";
				PRODUCT_NAME = "$(TARGET_NAME)";
				SKIP_INSTALL = YES;
			};
			name = Release;
		};
		789788F61AF23588009CD9D5 /* Debug */ = {
			isa = XCBuildConfiguration;
			buildSettings = {
				"CODE_SIGN_IDENTITY[sdk=iphoneos*]" = "iPhone Developer";
				FRAMEWORK_SEARCH_PATHS = (
					"$(SDKROOT)/Developer/Library/Frameworks",
					"$(inherited)",
				);
				GCC_PREPROCESSOR_DEFINITIONS = (
					"DEBUG=1",
					"$(inherited)",
				);
				INFOPLIST_FILE = NTURLHandlerTests/Info.plist;
				LD_RUNPATH_SEARCH_PATHS = "$(inherited) @executable_path/Frameworks @loader_path/Frameworks";
				PRODUCT_NAME = "$(TARGET_NAME)";
			};
			name = Debug;
		};
		789788F71AF23588009CD9D5 /* Release */ = {
			isa = XCBuildConfiguration;
			buildSettings = {
				"CODE_SIGN_IDENTITY[sdk=iphoneos*]" = "iPhone Developer";
				FRAMEWORK_SEARCH_PATHS = (
					"$(SDKROOT)/Developer/Library/Frameworks",
					"$(inherited)",
				);
				INFOPLIST_FILE = NTURLHandlerTests/Info.plist;
				LD_RUNPATH_SEARCH_PATHS = "$(inherited) @executable_path/Frameworks @loader_path/Frameworks";
				PRODUCT_NAME = "$(TARGET_NAME)";
			};
			name = Release;
		};
/* End XCBuildConfiguration section */

/* Begin XCConfigurationList section */
		789788D91AF23588009CD9D5 /* Build configuration list for PBXProject "NTURLHandler" */ = {
			isa = XCConfigurationList;
			buildConfigurations = (
				789788F01AF23588009CD9D5 /* Debug */,
				789788F11AF23588009CD9D5 /* Release */,
			);
			defaultConfigurationIsVisible = 0;
			defaultConfigurationName = Release;
		};
		789788F21AF23588009CD9D5 /* Build configuration list for PBXNativeTarget "NTURLHandler" */ = {
			isa = XCConfigurationList;
			buildConfigurations = (
				789788F31AF23588009CD9D5 /* Debug */,
				789788F41AF23588009CD9D5 /* Release */,
			);
			defaultConfigurationIsVisible = 0;
		};
		789788F51AF23588009CD9D5 /* Build configuration list for PBXNativeTarget "NTURLHandlerTests" */ = {
			isa = XCConfigurationList;
			buildConfigurations = (
				789788F61AF23588009CD9D5 /* Debug */,
				789788F71AF23588009CD9D5 /* Release */,
			);
			defaultConfigurationIsVisible = 0;
		};
/* End XCConfigurationList section */
	};
	rootObject = 789788D61AF23588009CD9D5 /* Project object */;
}
